
Microsoft Visual Studio Solution File, Format Version 12.00
# Visual Studio 15
VisualStudioVersion = 15.0.28307.960
MinimumVisualStudioVersion = 10.0.40219.1
Project("{8BC9CEB8-8B4A-11D0-8D11-00A0C91BC942}") = "Sandbox", "Sandbox\Sandbox.vcxproj", "{67880871-F968-4108-A9EA-32610EBD6566}"
EndProject
Project("{8BC9CEB8-8B4A-11D0-8D11-00A0C91BC942}") = "Nviron", "Nviron\Nviron.vcxproj", "{C3069FB8-3F52-4EB8-AA66-B2A57D2F3B77}"
EndProject
Global
	GlobalSection(SolutionConfigurationPlatforms) = preSolution
		Debug|x64 = Debug|x64
		Release|x64 = Release|x64
	EndGlobalSection
	GlobalSection(ProjectConfigurationPlatforms) = postSolution
		{C3069FB8-3F52-4EB8-AA66-B2A57D2F3B77}.Debug|x64.ActiveCfg = Debug|x64
		{C3069FB8-3F52-4EB8-AA66-B2A57D2F3B77}.Debug|x64.Build.0 = Debug|x64
		{C3069FB8-3F52-4EB8-AA66-B2A57D2F3B77}.Release|x64.ActiveCfg = Release|x64
		{C3069FB8-3F52-4EB8-AA66-B2A57D2F3B77}.Release|x64.Build.0 = Release|x64
		{67880871-F968-4108-A9EA-32610EBD6566}.Debug|x64.ActiveCfg = Debug|x64
		{67880871-F968-4108-A9EA-32610EBD6566}.Debug|x64.Build.0 = Debug|x64
		{67880871-F968-4108-A9EA-32610EBD6566}.Release|x64.ActiveCfg = Release|x64
		{67880871-F968-4108-A9EA-32610EBD6566}.Release|x64.Build.0 = Release|x64
	EndGlobalSection
	GlobalSection(SolutionProperties) = preSolution
		HideSolutionNode = FALSE
	EndGlobalSection
	GlobalSection(ExtensibilityGlobals) = postSolution
		SolutionGuid = {AE978D0C-AFD7-47F4-A869-705B809D3776}
	EndGlobalSection
EndGlobal
